
Microsoft Visual Studio Solution File, Format Version 12.00
# Visual Studio Version 16
VisualStudioVersion = 16.0.33027.164
MinimumVisualStudioVersion = 10.0.40219.1
Project("{FAE04EC0-301F-11D3-BF4B-00C04F79EFBC}") = "teknik_sozluk", "teknik_sozluk\teknik_sozluk.csproj", "{AF7665F8-69F7-40E9-B56E-794E0B32A595}"
EndProject
Global
	GlobalSection(SolutionConfigurationPlatforms) = preSolution
		Debug|Any CPU = Debug|Any CPU
		Release|Any CPU = Release|Any CPU
	EndGlobalSection
	GlobalSection(ProjectConfigurationPlatforms) = postSolution
		{AF7665F8-69F7-40E9-B56E-794E0B32A595}.Debug|Any CPU.ActiveCfg = Debug|Any CPU
		{AF7665F8-69F7-40E9-B56E-794E0B32A595}.Debug|Any CPU.Build.0 = Debug|Any CPU
		{AF7665F8-69F7-40E9-B56E-794E0B32A595}.Release|Any CPU.ActiveCfg = Release|Any CPU
		{AF7665F8-69F7-40E9-B56E-794E0B32A595}.Release|Any CPU.Build.0 = Release|Any CPU
	EndGlobalSection
	GlobalSection(SolutionProperties) = preSolution
		HideSolutionNode = FALSE
	EndGlobalSection
	GlobalSection(ExtensibilityGlobals) = postSolution
		SolutionGuid = {F6D859D3-F0C6-4BA4-8499-79041585104E}
	EndGlobalSection
EndGlobal
